// !$*UTF8*$!
{
	archiveVersion = 1;
	classes = {
	};
	objectVersion = 50;
	objects = {

/* Begin PBXBuildFile section */
		E61B84A725BB1B49001E7544 /* PomoStopButton.swift in Sources */ = {isa = PBXBuildFile; fileRef = E61B84A625BB1B49001E7544 /* PomoStopButton.swift */; };
		E61B84AB25BB3353001E7544 /* TimeLabel.swift in Sources */ = {isa = PBXBuildFile; fileRef = E61B84AA25BB3353001E7544 /* TimeLabel.swift */; };
		E62043E625B7087C00F5D39D /* AppDelegate.swift in Sources */ = {isa = PBXBuildFile; fileRef = E62043E525B7087C00F5D39D /* AppDelegate.swift */; };
		E62043E825B7087C00F5D39D /* SceneDelegate.swift in Sources */ = {isa = PBXBuildFile; fileRef = E62043E725B7087C00F5D39D /* SceneDelegate.swift */; };
		E62043EA25B7087C00F5D39D /* PomoViewController.swift in Sources */ = {isa = PBXBuildFile; fileRef = E62043E925B7087C00F5D39D /* PomoViewController.swift */; };
		E62043ED25B7087C00F5D39D /* Main.storyboard in Resources */ = {isa = PBXBuildFile; fileRef = E62043EB25B7087C00F5D39D /* Main.storyboard */; };
		E62043EF25B7088300F5D39D /* Assets.xcassets in Resources */ = {isa = PBXBuildFile; fileRef = E62043EE25B7088300F5D39D /* Assets.xcassets */; };
		E62043F225B7088300F5D39D /* LaunchScreen.storyboard in Resources */ = {isa = PBXBuildFile; fileRef = E62043F025B7088300F5D39D /* LaunchScreen.storyboard */; };
		E620440125B7124A00F5D39D /* PomoAnimationView.swift in Sources */ = {isa = PBXBuildFile; fileRef = E620440025B7124A00F5D39D /* PomoAnimationView.swift */; };
		E620440825B71A1700F5D39D /* UIColor+Ext.swift in Sources */ = {isa = PBXBuildFile; fileRef = E620440725B71A1700F5D39D /* UIColor+Ext.swift */; };
		E620440C25B816D700F5D39D /* CountdownTimer.swift in Sources */ = {isa = PBXBuildFile; fileRef = E620440B25B816D700F5D39D /* CountdownTimer.swift */; };
		E62D546825C4335900865212 /* PomoSettings.swift in Sources */ = {isa = PBXBuildFile; fileRef = E62D546725C4335900865212 /* PomoSettings.swift */; };
		E62D546C25C54DBD00865212 /* Int+Ext.swift in Sources */ = {isa = PBXBuildFile; fileRef = E62D546B25C54DBD00865212 /* Int+Ext.swift */; };
		E6ED103625B9660700C27ADA /* MinipomoTimerModelTests.swift in Sources */ = {isa = PBXBuildFile; fileRef = E6ED103525B9660700C27ADA /* MinipomoTimerModelTests.swift */; };
		E6ED104225B99D8800C27ADA /* PomoStartButton.swift in Sources */ = {isa = PBXBuildFile; fileRef = E6ED104125B99D8800C27ADA /* PomoStartButton.swift */; };
		E6ED232325BEF8070063A96E /* TimePickerController.swift in Sources */ = {isa = PBXBuildFile; fileRef = E6ED232225BEF8070063A96E /* TimePickerController.swift */; };
/* End PBXBuildFile section */

/* Begin PBXContainerItemProxy section */
		E6ED103825B9660700C27ADA /* PBXContainerItemProxy */ = {
			isa = PBXContainerItemProxy;
			containerPortal = E62043DA25B7087C00F5D39D /* Project object */;
			proxyType = 1;
			remoteGlobalIDString = E62043E125B7087C00F5D39D;
			remoteInfo = Minipomo;
		};
/* End PBXContainerItemProxy section */

/* Begin PBXFileReference section */
		E61B84A625BB1B49001E7544 /* PomoStopButton.swift */ = {isa = PBXFileReference; lastKnownFileType = sourcecode.swift; path = PomoStopButton.swift; sourceTree = "<group>"; };
		E61B84AA25BB3353001E7544 /* TimeLabel.swift */ = {isa = PBXFileReference; lastKnownFileType = sourcecode.swift; path = TimeLabel.swift; sourceTree = "<group>"; };
		E62043E225B7087C00F5D39D /* Minipomo.app */ = {isa = PBXFileReference; explicitFileType = wrapper.application; includeInIndex = 0; path = Minipomo.app; sourceTree = BUILT_PRODUCTS_DIR; };
		E62043E525B7087C00F5D39D /* AppDelegate.swift */ = {isa = PBXFileReference; lastKnownFileType = sourcecode.swift; path = AppDelegate.swift; sourceTree = "<group>"; };
		E62043E725B7087C00F5D39D /* SceneDelegate.swift */ = {isa = PBXFileReference; lastKnownFileType = sourcecode.swift; path = SceneDelegate.swift; sourceTree = "<group>"; };
		E62043E925B7087C00F5D39D /* PomoViewController.swift */ = {isa = PBXFileReference; lastKnownFileType = sourcecode.swift; path = PomoViewController.swift; sourceTree = "<group>"; };
		E62043EC25B7087C00F5D39D /* Base */ = {isa = PBXFileReference; lastKnownFileType = file.storyboard; name = Base; path = Base.lproj/Main.storyboard; sourceTree = "<group>"; };
		E62043EE25B7088300F5D39D /* Assets.xcassets */ = {isa = PBXFileReference; lastKnownFileType = folder.assetcatalog; path = Assets.xcassets; sourceTree = "<group>"; };
		E62043F125B7088300F5D39D /* Base */ = {isa = PBXFileReference; lastKnownFileType = file.storyboard; name = Base; path = Base.lproj/LaunchScreen.storyboard; sourceTree = "<group>"; };
		E62043F325B7088300F5D39D /* Info.plist */ = {isa = PBXFileReference; lastKnownFileType = text.plist.xml; path = Info.plist; sourceTree = "<group>"; };
		E620440025B7124A00F5D39D /* PomoAnimationView.swift */ = {isa = PBXFileReference; lastKnownFileType = sourcecode.swift; path = PomoAnimationView.swift; sourceTree = "<group>"; };
		E620440725B71A1700F5D39D /* UIColor+Ext.swift */ = {isa = PBXFileReference; lastKnownFileType = sourcecode.swift; path = "UIColor+Ext.swift"; sourceTree = "<group>"; };
		E620440B25B816D700F5D39D /* CountdownTimer.swift */ = {isa = PBXFileReference; lastKnownFileType = sourcecode.swift; path = CountdownTimer.swift; sourceTree = "<group>"; };
		E62D546725C4335900865212 /* PomoSettings.swift */ = {isa = PBXFileReference; lastKnownFileType = sourcecode.swift; path = PomoSettings.swift; sourceTree = "<group>"; };
		E62D546B25C54DBD00865212 /* Int+Ext.swift */ = {isa = PBXFileReference; lastKnownFileType = sourcecode.swift; path = "Int+Ext.swift"; sourceTree = "<group>"; };
		E6ED103325B9660600C27ADA /* MinipomoTests.xctest */ = {isa = PBXFileReference; explicitFileType = wrapper.cfbundle; includeInIndex = 0; path = MinipomoTests.xctest; sourceTree = BUILT_PRODUCTS_DIR; };
		E6ED103525B9660700C27ADA /* MinipomoTimerModelTests.swift */ = {isa = PBXFileReference; lastKnownFileType = sourcecode.swift; path = MinipomoTimerModelTests.swift; sourceTree = "<group>"; };
		E6ED103725B9660700C27ADA /* Info.plist */ = {isa = PBXFileReference; lastKnownFileType = text.plist.xml; path = Info.plist; sourceTree = "<group>"; };
		E6ED104125B99D8800C27ADA /* PomoStartButton.swift */ = {isa = PBXFileReference; lastKnownFileType = sourcecode.swift; path = PomoStartButton.swift; sourceTree = "<group>"; };
		E6ED232225BEF8070063A96E /* TimePickerController.swift */ = {isa = PBXFileReference; lastKnownFileType = sourcecode.swift; path = TimePickerController.swift; sourceTree = "<group>"; };
/* End PBXFileReference section */

/* Begin PBXFrameworksBuildPhase section */
		E62043DF25B7087C00F5D39D /* Frameworks */ = {
			isa = PBXFrameworksBuildPhase;
			buildActionMask = 2147483647;
			files = (
			);
			runOnlyForDeploymentPostprocessing = 0;
		};
		E6ED103025B9660600C27ADA /* Frameworks */ = {
			isa = PBXFrameworksBuildPhase;
			buildActionMask = 2147483647;
			files = (
			);
			runOnlyForDeploymentPostprocessing = 0;
		};
/* End PBXFrameworksBuildPhase section */

/* Begin PBXGroup section */
		E62043D925B7087C00F5D39D = {
			isa = PBXGroup;
			children = (
				E62043E425B7087C00F5D39D /* Minipomo */,
				E6ED103425B9660700C27ADA /* MinipomoTests */,
				E62043E325B7087C00F5D39D /* Products */,
			);
			sourceTree = "<group>";
		};
		E62043E325B7087C00F5D39D /* Products */ = {
			isa = PBXGroup;
			children = (
				E62043E225B7087C00F5D39D /* Minipomo.app */,
				E6ED103325B9660600C27ADA /* MinipomoTests.xctest */,
			);
			name = Products;
			sourceTree = "<group>";
		};
		E62043E425B7087C00F5D39D /* Minipomo */ = {
			isa = PBXGroup;
			children = (
				E62043FB25B709DA00F5D39D /* Model */,
				E62043FC25B709DF00F5D39D /* View */,
				E62043FD25B709EB00F5D39D /* Controller */,
				E620440625B719A700F5D39D /* Support */,
				E62043E525B7087C00F5D39D /* AppDelegate.swift */,
				E62043E725B7087C00F5D39D /* SceneDelegate.swift */,
				E62043F325B7088300F5D39D /* Info.plist */,
			);
			path = Minipomo;
			sourceTree = "<group>";
		};
		E62043FB25B709DA00F5D39D /* Model */ = {
			isa = PBXGroup;
			children = (
				E620440B25B816D700F5D39D /* CountdownTimer.swift */,
				E62D546725C4335900865212 /* PomoSettings.swift */,
			);
			path = Model;
			sourceTree = "<group>";
		};
		E62043FC25B709DF00F5D39D /* View */ = {
			isa = PBXGroup;
			children = (
				E620440025B7124A00F5D39D /* PomoAnimationView.swift */,
				E62043EB25B7087C00F5D39D /* Main.storyboard */,
				E62043F025B7088300F5D39D /* LaunchScreen.storyboard */,
				E62043EE25B7088300F5D39D /* Assets.xcassets */,
				E6ED104125B99D8800C27ADA /* PomoStartButton.swift */,
				E61B84A625BB1B49001E7544 /* PomoStopButton.swift */,
				E61B84AA25BB3353001E7544 /* TimeLabel.swift */,
			);
			path = View;
			sourceTree = "<group>";
		};
		E62043FD25B709EB00F5D39D /* Controller */ = {
			isa = PBXGroup;
			children = (
				E62043E925B7087C00F5D39D /* PomoViewController.swift */,
				E6ED232225BEF8070063A96E /* TimePickerController.swift */,
			);
			path = Controller;
			sourceTree = "<group>";
		};
		E620440625B719A700F5D39D /* Support */ = {
			isa = PBXGroup;
			children = (
				E620440725B71A1700F5D39D /* UIColor+Ext.swift */,
				E62D546B25C54DBD00865212 /* Int+Ext.swift */,
			);
			path = Support;
			sourceTree = "<group>";
		};
		E6ED103425B9660700C27ADA /* MinipomoTests */ = {
			isa = PBXGroup;
			children = (
				E6ED103525B9660700C27ADA /* MinipomoTimerModelTests.swift */,
				E6ED103725B9660700C27ADA /* Info.plist */,
			);
			path = MinipomoTests;
			sourceTree = "<group>";
		};
/* End PBXGroup section */

/* Begin PBXNativeTarget section */
		E62043E125B7087C00F5D39D /* Minipomo */ = {
			isa = PBXNativeTarget;
			buildConfigurationList = E62043F625B7088300F5D39D /* Build configuration list for PBXNativeTarget "Minipomo" */;
			buildPhases = (
				E62043DE25B7087C00F5D39D /* Sources */,
				E62043DF25B7087C00F5D39D /* Frameworks */,
				E62043E025B7087C00F5D39D /* Resources */,
			);
			buildRules = (
			);
			dependencies = (
			);
			name = Minipomo;
			productName = Minipomo;
			productReference = E62043E225B7087C00F5D39D /* Minipomo.app */;
			productType = "com.apple.product-type.application";
		};
		E6ED103225B9660600C27ADA /* MinipomoTests */ = {
			isa = PBXNativeTarget;
			buildConfigurationList = E6ED103C25B9660700C27ADA /* Build configuration list for PBXNativeTarget "MinipomoTests" */;
			buildPhases = (
				E6ED102F25B9660600C27ADA /* Sources */,
				E6ED103025B9660600C27ADA /* Frameworks */,
				E6ED103125B9660600C27ADA /* Resources */,
			);
			buildRules = (
			);
			dependencies = (
				E6ED103925B9660700C27ADA /* PBXTargetDependency */,
			);
			name = MinipomoTests;
			productName = MinipomoTests;
			productReference = E6ED103325B9660600C27ADA /* MinipomoTests.xctest */;
			productType = "com.apple.product-type.bundle.unit-test";
		};
/* End PBXNativeTarget section */

/* Begin PBXProject section */
		E62043DA25B7087C00F5D39D /* Project object */ = {
			isa = PBXProject;
			attributes = {
				LastSwiftUpdateCheck = 1230;
				LastUpgradeCheck = 1230;
				TargetAttributes = {
					E62043E125B7087C00F5D39D = {
						CreatedOnToolsVersion = 12.3;
					};
					E6ED103225B9660600C27ADA = {
						CreatedOnToolsVersion = 12.3;
						TestTargetID = E62043E125B7087C00F5D39D;
					};
				};
			};
			buildConfigurationList = E62043DD25B7087C00F5D39D /* Build configuration list for PBXProject "Minipomo" */;
			compatibilityVersion = "Xcode 9.3";
			developmentRegion = en;
			hasScannedForEncodings = 0;
			knownRegions = (
				en,
				Base,
			);
			mainGroup = E62043D925B7087C00F5D39D;
			productRefGroup = E62043E325B7087C00F5D39D /* Products */;
			projectDirPath = "";
			projectRoot = "";
			targets = (
				E62043E125B7087C00F5D39D /* Minipomo */,
				E6ED103225B9660600C27ADA /* MinipomoTests */,
			);
		};
/* End PBXProject section */

/* Begin PBXResourcesBuildPhase section */
		E62043E025B7087C00F5D39D /* Resources */ = {
			isa = PBXResourcesBuildPhase;
			buildActionMask = 2147483647;
			files = (
				E62043F225B7088300F5D39D /* LaunchScreen.storyboard in Resources */,
				E62043EF25B7088300F5D39D /* Assets.xcassets in Resources */,
				E62043ED25B7087C00F5D39D /* Main.storyboard in Resources */,
			);
			runOnlyForDeploymentPostprocessing = 0;
		};
		E6ED103125B9660600C27ADA /* Resources */ = {
			isa = PBXResourcesBuildPhase;
			buildActionMask = 2147483647;
			files = (
			);
			runOnlyForDeploymentPostprocessing = 0;
		};
/* End PBXResourcesBuildPhase section */

/* Begin PBXSourcesBuildPhase section */
		E62043DE25B7087C00F5D39D /* Sources */ = {
			isa = PBXSourcesBuildPhase;
			buildActionMask = 2147483647;
			files = (
				E62043EA25B7087C00F5D39D /* PomoViewController.swift in Sources */,
				E62043E625B7087C00F5D39D /* AppDelegate.swift in Sources */,
				E6ED232325BEF8070063A96E /* TimePickerController.swift in Sources */,
				E620440825B71A1700F5D39D /* UIColor+Ext.swift in Sources */,
				E62043E825B7087C00F5D39D /* SceneDelegate.swift in Sources */,
				E61B84A725BB1B49001E7544 /* PomoStopButton.swift in Sources */,
				E6ED104225B99D8800C27ADA /* PomoStartButton.swift in Sources */,
				E620440C25B816D700F5D39D /* CountdownTimer.swift in Sources */,
				E61B84AB25BB3353001E7544 /* TimeLabel.swift in Sources */,
				E620440125B7124A00F5D39D /* PomoAnimationView.swift in Sources */,
				E62D546825C4335900865212 /* PomoSettings.swift in Sources */,
				E62D546C25C54DBD00865212 /* Int+Ext.swift in Sources */,
			);
			runOnlyForDeploymentPostprocessing = 0;
		};
		E6ED102F25B9660600C27ADA /* Sources */ = {
			isa = PBXSourcesBuildPhase;
			buildActionMask = 2147483647;
			files = (
				E6ED103625B9660700C27ADA /* MinipomoTimerModelTests.swift in Sources */,
			);
			runOnlyForDeploymentPostprocessing = 0;
		};
/* End PBXSourcesBuildPhase section */

/* Begin PBXTargetDependency section */
		E6ED103925B9660700C27ADA /* PBXTargetDependency */ = {
			isa = PBXTargetDependency;
			target = E62043E125B7087C00F5D39D /* Minipomo */;
			targetProxy = E6ED103825B9660700C27ADA /* PBXContainerItemProxy */;
		};
/* End PBXTargetDependency section */

/* Begin PBXVariantGroup section */
		E62043EB25B7087C00F5D39D /* Main.storyboard */ = {
			isa = PBXVariantGroup;
			children = (
				E62043EC25B7087C00F5D39D /* Base */,
			);
			name = Main.storyboard;
			sourceTree = "<group>";
		};
		E62043F025B7088300F5D39D /* LaunchScreen.storyboard */ = {
			isa = PBXVariantGroup;
			children = (
				E62043F125B7088300F5D39D /* Base */,
			);
			name = LaunchScreen.storyboard;
			sourceTree = "<group>";
		};
/* End PBXVariantGroup section */

/* Begin XCBuildConfiguration section */
		E62043F425B7088300F5D39D /* Debug */ = {
			isa = XCBuildConfiguration;
			buildSettings = {
				ALWAYS_SEARCH_USER_PATHS = NO;
				CLANG_ANALYZER_NONNULL = YES;
				CLANG_ANALYZER_NUMBER_OBJECT_CONVERSION = YES_AGGRESSIVE;
				CLANG_CXX_LANGUAGE_STANDARD = "gnu++14";
				CLANG_CXX_LIBRARY = "libc++";
				CLANG_ENABLE_MODULES = YES;
				CLANG_ENABLE_OBJC_ARC = YES;
				CLANG_ENABLE_OBJC_WEAK = YES;
				CLANG_WARN_BLOCK_CAPTURE_AUTORELEASING = YES;
				CLANG_WARN_BOOL_CONVERSION = YES;
				CLANG_WARN_COMMA = YES;
				CLANG_WARN_CONSTANT_CONVERSION = YES;
				CLANG_WARN_DEPRECATED_OBJC_IMPLEMENTATIONS = YES;
				CLANG_WARN_DIRECT_OBJC_ISA_USAGE = YES_ERROR;
				CLANG_WARN_DOCUMENTATION_COMMENTS = YES;
				CLANG_WARN_EMPTY_BODY = YES;
				CLANG_WARN_ENUM_CONVERSION = YES;
				CLANG_WARN_INFINITE_RECURSION = YES;
				CLANG_WARN_INT_CONVERSION = YES;
				CLANG_WARN_NON_LITERAL_NULL_CONVERSION = YES;
				CLANG_WARN_OBJC_IMPLICIT_RETAIN_SELF = YES;
				CLANG_WARN_OBJC_LITERAL_CONVERSION = YES;
				CLANG_WARN_OBJC_ROOT_CLASS = YES_ERROR;
				CLANG_WARN_QUOTED_INCLUDE_IN_FRAMEWORK_HEADER = YES;
				CLANG_WARN_RANGE_LOOP_ANALYSIS = YES;
				CLANG_WARN_STRICT_PROTOTYPES = YES;
				CLANG_WARN_SUSPICIOUS_MOVE = YES;
				CLANG_WARN_UNGUARDED_AVAILABILITY = YES_AGGRESSIVE;
				CLANG_WARN_UNREACHABLE_CODE = YES;
				CLANG_WARN__DUPLICATE_METHOD_MATCH = YES;
				COPY_PHASE_STRIP = NO;
				DEBUG_INFORMATION_FORMAT = dwarf;
				ENABLE_STRICT_OBJC_MSGSEND = YES;
				ENABLE_TESTABILITY = YES;
				GCC_C_LANGUAGE_STANDARD = gnu11;
				GCC_DYNAMIC_NO_PIC = NO;
				GCC_NO_COMMON_BLOCKS = YES;
				GCC_OPTIMIZATION_LEVEL = 0;
				GCC_PREPROCESSOR_DEFINITIONS = (
					"DEBUG=1",
					"$(inherited)",
				);
				GCC_WARN_64_TO_32_BIT_CONVERSION = YES;
				GCC_WARN_ABOUT_RETURN_TYPE = YES_ERROR;
				GCC_WARN_UNDECLARED_SELECTOR = YES;
				GCC_WARN_UNINITIALIZED_AUTOS = YES_AGGRESSIVE;
				GCC_WARN_UNUSED_FUNCTION = YES;
				GCC_WARN_UNUSED_VARIABLE = YES;
				IPHONEOS_DEPLOYMENT_TARGET = 14.3;
				MTL_ENABLE_DEBUG_INFO = INCLUDE_SOURCE;
				MTL_FAST_MATH = YES;
				ONLY_ACTIVE_ARCH = YES;
				SDKROOT = iphoneos;
				SWIFT_ACTIVE_COMPILATION_CONDITIONS = DEBUG;
				SWIFT_OPTIMIZATION_LEVEL = "-Onone";
			};
			name = Debug;
		};
		E62043F525B7088300F5D39D /* Release */ = {
			isa = XCBuildConfiguration;
			buildSettings = {
				ALWAYS_SEARCH_USER_PATHS = NO;
				CLANG_ANALYZER_NONNULL = YES;
				CLANG_ANALYZER_NUMBER_OBJECT_CONVERSION = YES_AGGRESSIVE;
				CLANG_CXX_LANGUAGE_STANDARD = "gnu++14";
				CLANG_CXX_LIBRARY = "libc++";
				CLANG_ENABLE_MODULES = YES;
				CLANG_ENABLE_OBJC_ARC = YES;
				CLANG_ENABLE_OBJC_WEAK = YES;
				CLANG_WARN_BLOCK_CAPTURE_AUTORELEASING = YES;
				CLANG_WARN_BOOL_CONVERSION = YES;
				CLANG_WARN_COMMA = YES;
				CLANG_WARN_CONSTANT_CONVERSION = YES;
				CLANG_WARN_DEPRECATED_OBJC_IMPLEMENTATIONS = YES;
				CLANG_WARN_DIRECT_OBJC_ISA_USAGE = YES_ERROR;
				CLANG_WARN_DOCUMENTATION_COMMENTS = YES;
				CLANG_WARN_EMPTY_BODY = YES;
				CLANG_WARN_ENUM_CONVERSION = YES;
				CLANG_WARN_INFINITE_RECURSION = YES;
				CLANG_WARN_INT_CONVERSION = YES;
				CLANG_WARN_NON_LITERAL_NULL_CONVERSION = YES;
				CLANG_WARN_OBJC_IMPLICIT_RETAIN_SELF = YES;
				CLANG_WARN_OBJC_LITERAL_CONVERSION = YES;
				CLANG_WARN_OBJC_ROOT_CLASS = YES_ERROR;
				CLANG_WARN_QUOTED_INCLUDE_IN_FRAMEWORK_HEADER = YES;
				CLANG_WARN_RANGE_LOOP_ANALYSIS = YES;
				CLANG_WARN_STRICT_PROTOTYPES = YES;
				CLANG_WARN_SUSPICIOUS_MOVE = YES;
				CLANG_WARN_UNGUARDED_AVAILABILITY = YES_AGGRESSIVE;
				CLANG_WARN_UNREACHABLE_CODE = YES;
				CLANG_WARN__DUPLICATE_METHOD_MATCH = YES;
				COPY_PHASE_STRIP = NO;
				DEBUG_INFORMATION_FORMAT = "dwarf-with-dsym";
				ENABLE_NS_ASSERTIONS = NO;
				ENABLE_STRICT_OBJC_MSGSEND = YES;
				GCC_C_LANGUAGE_STANDARD = gnu11;
				GCC_NO_COMMON_BLOCKS = YES;
				GCC_WARN_64_TO_32_BIT_CONVERSION = YES;
				GCC_WARN_ABOUT_RETURN_TYPE = YES_ERROR;
				GCC_WARN_UNDECLARED_SELECTOR = YES;
				GCC_WARN_UNINITIALIZED_AUTOS = YES_AGGRESSIVE;
				GCC_WARN_UNUSED_FUNCTION = YES;
				GCC_WARN_UNUSED_VARIABLE = YES;
				IPHONEOS_DEPLOYMENT_TARGET = 14.3;
				MTL_ENABLE_DEBUG_INFO = NO;
				MTL_FAST_MATH = YES;
				SDKROOT = iphoneos;
				SWIFT_COMPILATION_MODE = wholemodule;
				SWIFT_OPTIMIZATION_LEVEL = "-O";
				VALIDATE_PRODUCT = YES;
			};
			name = Release;
		};
		E62043F725B7088300F5D39D /* Debug */ = {
			isa = XCBuildConfiguration;
			buildSettings = {
				ASSETCATALOG_COMPILER_APPICON_NAME = AppIcon;
				ASSETCATALOG_COMPILER_GLOBAL_ACCENT_COLOR_NAME = AccentColor;
				CODE_SIGN_STYLE = Automatic;
				DEVELOPMENT_TEAM = 98NLZHSYYL;
				INFOPLIST_FILE = Minipomo/Info.plist;
				IPHONEOS_DEPLOYMENT_TARGET = 14.0;
				LD_RUNPATH_SEARCH_PATHS = (
					"$(inherited)",
					"@executable_path/Frameworks",
				);
				PRODUCT_BUNDLE_IDENTIFIER = ecynmare.Minipomo;
				PRODUCT_NAME = "$(TARGET_NAME)";
				SWIFT_VERSION = 5.0;
				TARGETED_DEVICE_FAMILY = 1;
			};
			name = Debug;
		};
		E62043F825B7088300F5D39D /* Release */ = {
			isa = XCBuildConfiguration;
			buildSettings = {
				ASSETCATALOG_COMPILER_APPICON_NAME = AppIcon;
				ASSETCATALOG_COMPILER_GLOBAL_ACCENT_COLOR_NAME = AccentColor;
				CODE_SIGN_STYLE = Automatic;
				DEVELOPMENT_TEAM = 98NLZHSYYL;
				INFOPLIST_FILE = Minipomo/Info.plist;
				IPHONEOS_DEPLOYMENT_TARGET = 14.0;
				LD_RUNPATH_SEARCH_PATHS = (
					"$(inherited)",
					"@executable_path/Frameworks",
				);
				PRODUCT_BUNDLE_IDENTIFIER = ecynmare.Minipomo;
				PRODUCT_NAME = "$(TARGET_NAME)";
				SWIFT_VERSION = 5.0;
				TARGETED_DEVICE_FAMILY = 1;
			};
			name = Release;
		};
		E6ED103A25B9660700C27ADA /* Debug */ = {
			isa = XCBuildConfiguration;
			buildSettings = {
				BUNDLE_LOADER = "$(TEST_HOST)";
				CODE_SIGN_STYLE = Automatic;
				DEVELOPMENT_TEAM = 98NLZHSYYL;
				INFOPLIST_FILE = MinipomoTests/Info.plist;
				LD_RUNPATH_SEARCH_PATHS = (
					"$(inherited)",
					"@executable_path/Frameworks",
					"@loader_path/Frameworks",
				);
				PRODUCT_BUNDLE_IDENTIFIER = ecynmare.MinipomoTests;
				PRODUCT_NAME = "$(TARGET_NAME)";
				SWIFT_VERSION = 5.0;
				TARGETED_DEVICE_FAMILY = "1,2";
				TEST_HOST = "$(BUILT_PRODUCTS_DIR)/Minipomo.app/Minipomo";
			};
			name = Debug;
		};
		E6ED103B25B9660700C27ADA /* Release */ = {
			isa = XCBuildConfiguration;
			buildSettings = {
				BUNDLE_LOADER = "$(TEST_HOST)";
				CODE_SIGN_STYLE = Automatic;
				DEVELOPMENT_TEAM = 98NLZHSYYL;
				INFOPLIST_FILE = MinipomoTests/Info.plist;
				LD_RUNPATH_SEARCH_PATHS = (
					"$(inherited)",
					"@executable_path/Frameworks",
					"@loader_path/Frameworks",
				);
				PRODUCT_BUNDLE_IDENTIFIER = ecynmare.MinipomoTests;
				PRODUCT_NAME = "$(TARGET_NAME)";
				SWIFT_VERSION = 5.0;
				TARGETED_DEVICE_FAMILY = "1,2";
				TEST_HOST = "$(BUILT_PRODUCTS_DIR)/Minipomo.app/Minipomo";
			};
			name = Release;
		};
/* End XCBuildConfiguration section */

/* Begin XCConfigurationList section */
		E62043DD25B7087C00F5D39D /* Build configuration list for PBXProject "Minipomo" */ = {
			isa = XCConfigurationList;
			buildConfigurations = (
				E62043F425B7088300F5D39D /* Debug */,
				E62043F525B7088300F5D39D /* Release */,
			);
			defaultConfigurationIsVisible = 0;
			defaultConfigurationName = Release;
		};
		E62043F625B7088300F5D39D /* Build configuration list for PBXNativeTarget "Minipomo" */ = {
			isa = XCConfigurationList;
			buildConfigurations = (
				E62043F725B7088300F5D39D /* Debug */,
				E62043F825B7088300F5D39D /* Release */,
			);
			defaultConfigurationIsVisible = 0;
			defaultConfigurationName = Release;
		};
		E6ED103C25B9660700C27ADA /* Build configuration list for PBXNativeTarget "MinipomoTests" */ = {
			isa = XCConfigurationList;
			buildConfigurations = (
				E6ED103A25B9660700C27ADA /* Debug */,
				E6ED103B25B9660700C27ADA /* Release */,
			);
			defaultConfigurationIsVisible = 0;
			defaultConfigurationName = Release;
		};
/* End XCConfigurationList section */
	};
	rootObject = E62043DA25B7087C00F5D39D /* Project object */;
}
