// !$*UTF8*$!
{
	archiveVersion = 1;
	classes = {
	};
	objectVersion = 50;
	objects = {

/* Begin PBXBuildFile section */
		3BBA737814843A3F381F9FCC /* Pods_Minipomo.framework in Frameworks */ = {isa = PBXBuildFile; fileRef = 28A65862EFE0DE6472A64094 /* Pods_Minipomo.framework */; };
		71995DB1098C407936435A5E /* Pods_MinipomoUnitTests.framework in Frameworks */ = {isa = PBXBuildFile; fileRef = 38A1FF12DDE7DCBD2712F321 /* Pods_MinipomoUnitTests.framework */; };
		E61B84A725BB1B49001E7544 /* PomoStopButton.swift in Sources */ = {isa = PBXBuildFile; fileRef = E61B84A625BB1B49001E7544 /* PomoStopButton.swift */; };
		E61B84AB25BB3353001E7544 /* TimeLabel.swift in Sources */ = {isa = PBXBuildFile; fileRef = E61B84AA25BB3353001E7544 /* TimeLabel.swift */; };
		E62043E625B7087C00F5D39D /* AppDelegate.swift in Sources */ = {isa = PBXBuildFile; fileRef = E62043E525B7087C00F5D39D /* AppDelegate.swift */; };
		E62043E825B7087C00F5D39D /* SceneDelegate.swift in Sources */ = {isa = PBXBuildFile; fileRef = E62043E725B7087C00F5D39D /* SceneDelegate.swift */; };
		E62043EA25B7087C00F5D39D /* PomoViewController.swift in Sources */ = {isa = PBXBuildFile; fileRef = E62043E925B7087C00F5D39D /* PomoViewController.swift */; };
		E62043ED25B7087C00F5D39D /* Main.storyboard in Resources */ = {isa = PBXBuildFile; fileRef = E62043EB25B7087C00F5D39D /* Main.storyboard */; };
		E62043EF25B7088300F5D39D /* Assets.xcassets in Resources */ = {isa = PBXBuildFile; fileRef = E62043EE25B7088300F5D39D /* Assets.xcassets */; };
		E62043F225B7088300F5D39D /* LaunchScreen.storyboard in Resources */ = {isa = PBXBuildFile; fileRef = E62043F025B7088300F5D39D /* LaunchScreen.storyboard */; };
		E620440125B7124A00F5D39D /* PomoAnimationView.swift in Sources */ = {isa = PBXBuildFile; fileRef = E620440025B7124A00F5D39D /* PomoAnimationView.swift */; };
		E620440825B71A1700F5D39D /* UIColor+Ext.swift in Sources */ = {isa = PBXBuildFile; fileRef = E620440725B71A1700F5D39D /* UIColor+Ext.swift */; };
		E620440C25B816D700F5D39D /* CountdownTimer.swift in Sources */ = {isa = PBXBuildFile; fileRef = E620440B25B816D700F5D39D /* CountdownTimer.swift */; };
		E62D546C25C54DBD00865212 /* Int+Ext.swift in Sources */ = {isa = PBXBuildFile; fileRef = E62D546B25C54DBD00865212 /* Int+Ext.swift */; };
		E65EF05225F3CA3900325AC2 /* SettingsController.swift in Sources */ = {isa = PBXBuildFile; fileRef = E65EF05125F3CA3900325AC2 /* SettingsController.swift */; };
		E65EF05625F3E4F700325AC2 /* TimeSelectViewController.swift in Sources */ = {isa = PBXBuildFile; fileRef = E65EF05525F3E4F700325AC2 /* TimeSelectViewController.swift */; };
		E65EF05A25F4E42F00325AC2 /* Constants.swift in Sources */ = {isa = PBXBuildFile; fileRef = E65EF05925F4E42F00325AC2 /* Constants.swift */; };
		E6A4270A26259B2E0044C7C4 /* MinipomoUnitTests.swift in Sources */ = {isa = PBXBuildFile; fileRef = E6A4270926259B2E0044C7C4 /* MinipomoUnitTests.swift */; };
		E6ED104225B99D8800C27ADA /* PomoStartButton.swift in Sources */ = {isa = PBXBuildFile; fileRef = E6ED104125B99D8800C27ADA /* PomoStartButton.swift */; };
		E6ED232325BEF8070063A96E /* TimePickerController.swift in Sources */ = {isa = PBXBuildFile; fileRef = E6ED232225BEF8070063A96E /* TimePickerController.swift */; };
/* End PBXBuildFile section */

/* Begin PBXContainerItemProxy section */
		E6A4270C26259B2E0044C7C4 /* PBXContainerItemProxy */ = {
			isa = PBXContainerItemProxy;
			containerPortal = E62043DA25B7087C00F5D39D /* Project object */;
			proxyType = 1;
			remoteGlobalIDString = E62043E125B7087C00F5D39D;
			remoteInfo = Minipomo;
		};
/* End PBXContainerItemProxy section */

/* Begin PBXFileReference section */
		269127E0642A28193C45516C /* Pods-MinipomoUnitTests.release.xcconfig */ = {isa = PBXFileReference; includeInIndex = 1; lastKnownFileType = text.xcconfig; name = "Pods-MinipomoUnitTests.release.xcconfig"; path = "Target Support Files/Pods-MinipomoUnitTests/Pods-MinipomoUnitTests.release.xcconfig"; sourceTree = "<group>"; };
		28A65862EFE0DE6472A64094 /* Pods_Minipomo.framework */ = {isa = PBXFileReference; explicitFileType = wrapper.framework; includeInIndex = 0; path = Pods_Minipomo.framework; sourceTree = BUILT_PRODUCTS_DIR; };
		38A1FF12DDE7DCBD2712F321 /* Pods_MinipomoUnitTests.framework */ = {isa = PBXFileReference; explicitFileType = wrapper.framework; includeInIndex = 0; path = Pods_MinipomoUnitTests.framework; sourceTree = BUILT_PRODUCTS_DIR; };
		46866D602BA13E7476911CB9 /* Pods-Minipomo.debug.xcconfig */ = {isa = PBXFileReference; includeInIndex = 1; lastKnownFileType = text.xcconfig; name = "Pods-Minipomo.debug.xcconfig"; path = "Target Support Files/Pods-Minipomo/Pods-Minipomo.debug.xcconfig"; sourceTree = "<group>"; };
		883ECCD692BF77D72BC6C94B /* Pods-Minipomo.release.xcconfig */ = {isa = PBXFileReference; includeInIndex = 1; lastKnownFileType = text.xcconfig; name = "Pods-Minipomo.release.xcconfig"; path = "Target Support Files/Pods-Minipomo/Pods-Minipomo.release.xcconfig"; sourceTree = "<group>"; };
		E61B84A625BB1B49001E7544 /* PomoStopButton.swift */ = {isa = PBXFileReference; lastKnownFileType = sourcecode.swift; path = PomoStopButton.swift; sourceTree = "<group>"; };
		E61B84AA25BB3353001E7544 /* TimeLabel.swift */ = {isa = PBXFileReference; lastKnownFileType = sourcecode.swift; path = TimeLabel.swift; sourceTree = "<group>"; };
		E62043E225B7087C00F5D39D /* Minipomo.app */ = {isa = PBXFileReference; explicitFileType = wrapper.application; includeInIndex = 0; path = Minipomo.app; sourceTree = BUILT_PRODUCTS_DIR; };
		E62043E525B7087C00F5D39D /* AppDelegate.swift */ = {isa = PBXFileReference; lastKnownFileType = sourcecode.swift; path = AppDelegate.swift; sourceTree = "<group>"; };
		E62043E725B7087C00F5D39D /* SceneDelegate.swift */ = {isa = PBXFileReference; lastKnownFileType = sourcecode.swift; path = SceneDelegate.swift; sourceTree = "<group>"; };
		E62043E925B7087C00F5D39D /* PomoViewController.swift */ = {isa = PBXFileReference; lastKnownFileType = sourcecode.swift; path = PomoViewController.swift; sourceTree = "<group>"; };
		E62043EC25B7087C00F5D39D /* Base */ = {isa = PBXFileReference; lastKnownFileType = file.storyboard; name = Base; path = Base.lproj/Main.storyboard; sourceTree = "<group>"; };
		E62043EE25B7088300F5D39D /* Assets.xcassets */ = {isa = PBXFileReference; lastKnownFileType = folder.assetcatalog; path = Assets.xcassets; sourceTree = "<group>"; };
		E62043F125B7088300F5D39D /* Base */ = {isa = PBXFileReference; lastKnownFileType = file.storyboard; name = Base; path = Base.lproj/LaunchScreen.storyboard; sourceTree = "<group>"; };
		E62043F325B7088300F5D39D /* Info.plist */ = {isa = PBXFileReference; lastKnownFileType = text.plist.xml; path = Info.plist; sourceTree = "<group>"; };
		E620440025B7124A00F5D39D /* PomoAnimationView.swift */ = {isa = PBXFileReference; lastKnownFileType = sourcecode.swift; path = PomoAnimationView.swift; sourceTree = "<group>"; };
		E620440725B71A1700F5D39D /* UIColor+Ext.swift */ = {isa = PBXFileReference; lastKnownFileType = sourcecode.swift; path = "UIColor+Ext.swift"; sourceTree = "<group>"; };
		E620440B25B816D700F5D39D /* CountdownTimer.swift */ = {isa = PBXFileReference; lastKnownFileType = sourcecode.swift; path = CountdownTimer.swift; sourceTree = "<group>"; };
		E62D546B25C54DBD00865212 /* Int+Ext.swift */ = {isa = PBXFileReference; lastKnownFileType = sourcecode.swift; path = "Int+Ext.swift"; sourceTree = "<group>"; };
		E65EF05125F3CA3900325AC2 /* SettingsController.swift */ = {isa = PBXFileReference; lastKnownFileType = sourcecode.swift; path = SettingsController.swift; sourceTree = "<group>"; };
		E65EF05525F3E4F700325AC2 /* TimeSelectViewController.swift */ = {isa = PBXFileReference; lastKnownFileType = sourcecode.swift; path = TimeSelectViewController.swift; sourceTree = "<group>"; };
		E65EF05925F4E42F00325AC2 /* Constants.swift */ = {isa = PBXFileReference; lastKnownFileType = sourcecode.swift; path = Constants.swift; sourceTree = "<group>"; };
		E6A4270726259B2E0044C7C4 /* MinipomoUnitTests.xctest */ = {isa = PBXFileReference; explicitFileType = wrapper.cfbundle; includeInIndex = 0; path = MinipomoUnitTests.xctest; sourceTree = BUILT_PRODUCTS_DIR; };
		E6A4270926259B2E0044C7C4 /* MinipomoUnitTests.swift */ = {isa = PBXFileReference; lastKnownFileType = sourcecode.swift; path = MinipomoUnitTests.swift; sourceTree = "<group>"; };
		E6A4270B26259B2E0044C7C4 /* Info.plist */ = {isa = PBXFileReference; lastKnownFileType = text.plist.xml; path = Info.plist; sourceTree = "<group>"; };
		E6ED104125B99D8800C27ADA /* PomoStartButton.swift */ = {isa = PBXFileReference; lastKnownFileType = sourcecode.swift; path = PomoStartButton.swift; sourceTree = "<group>"; };
		E6ED232225BEF8070063A96E /* TimePickerController.swift */ = {isa = PBXFileReference; lastKnownFileType = sourcecode.swift; path = TimePickerController.swift; sourceTree = "<group>"; };
		ED24E147FFACEEF4D7C39FE5 /* Pods-MinipomoUnitTests.debug.xcconfig */ = {isa = PBXFileReference; includeInIndex = 1; lastKnownFileType = text.xcconfig; name = "Pods-MinipomoUnitTests.debug.xcconfig"; path = "Target Support Files/Pods-MinipomoUnitTests/Pods-MinipomoUnitTests.debug.xcconfig"; sourceTree = "<group>"; };
/* End PBXFileReference section */

/* Begin PBXFrameworksBuildPhase section */
		E62043DF25B7087C00F5D39D /* Frameworks */ = {
			isa = PBXFrameworksBuildPhase;
			buildActionMask = 2147483647;
			files = (
				3BBA737814843A3F381F9FCC /* Pods_Minipomo.framework in Frameworks */,
			);
			runOnlyForDeploymentPostprocessing = 0;
		};
		E6A4270426259B2E0044C7C4 /* Frameworks */ = {
			isa = PBXFrameworksBuildPhase;
			buildActionMask = 2147483647;
			files = (
				71995DB1098C407936435A5E /* Pods_MinipomoUnitTests.framework in Frameworks */,
			);
			runOnlyForDeploymentPostprocessing = 0;
		};
/* End PBXFrameworksBuildPhase section */

/* Begin PBXGroup section */
		B14BF9E1D10F1E4FC2773E9C /* Pods */ = {
			isa = PBXGroup;
			children = (
				46866D602BA13E7476911CB9 /* Pods-Minipomo.debug.xcconfig */,
				883ECCD692BF77D72BC6C94B /* Pods-Minipomo.release.xcconfig */,
				ED24E147FFACEEF4D7C39FE5 /* Pods-MinipomoUnitTests.debug.xcconfig */,
				269127E0642A28193C45516C /* Pods-MinipomoUnitTests.release.xcconfig */,
			);
			path = Pods;
			sourceTree = "<group>";
		};
		D472C2466EB24DCEB919A2B6 /* Frameworks */ = {
			isa = PBXGroup;
			children = (
				28A65862EFE0DE6472A64094 /* Pods_Minipomo.framework */,
				38A1FF12DDE7DCBD2712F321 /* Pods_MinipomoUnitTests.framework */,
			);
			name = Frameworks;
			sourceTree = "<group>";
		};
		E62043D925B7087C00F5D39D = {
			isa = PBXGroup;
			children = (
				E62043E425B7087C00F5D39D /* Minipomo */,
				E6A4270826259B2E0044C7C4 /* MinipomoUnitTests */,
				E62043E325B7087C00F5D39D /* Products */,
				B14BF9E1D10F1E4FC2773E9C /* Pods */,
				D472C2466EB24DCEB919A2B6 /* Frameworks */,
			);
			sourceTree = "<group>";
		};
		E62043E325B7087C00F5D39D /* Products */ = {
			isa = PBXGroup;
			children = (
				E62043E225B7087C00F5D39D /* Minipomo.app */,
				E6A4270726259B2E0044C7C4 /* MinipomoUnitTests.xctest */,
			);
			name = Products;
			sourceTree = "<group>";
		};
		E62043E425B7087C00F5D39D /* Minipomo */ = {
			isa = PBXGroup;
			children = (
				E62043FB25B709DA00F5D39D /* Model */,
				E62043FC25B709DF00F5D39D /* View */,
				E62043FD25B709EB00F5D39D /* Controller */,
				E620440625B719A700F5D39D /* Support */,
				E62043E525B7087C00F5D39D /* AppDelegate.swift */,
				E62043E725B7087C00F5D39D /* SceneDelegate.swift */,
				E62043F325B7088300F5D39D /* Info.plist */,
			);
			path = Minipomo;
			sourceTree = "<group>";
		};
		E62043FB25B709DA00F5D39D /* Model */ = {
			isa = PBXGroup;
			children = (
				E620440B25B816D700F5D39D /* CountdownTimer.swift */,
			);
			path = Model;
			sourceTree = "<group>";
		};
		E62043FC25B709DF00F5D39D /* View */ = {
			isa = PBXGroup;
			children = (
				E620440025B7124A00F5D39D /* PomoAnimationView.swift */,
				E62043EB25B7087C00F5D39D /* Main.storyboard */,
				E62043F025B7088300F5D39D /* LaunchScreen.storyboard */,
				E62043EE25B7088300F5D39D /* Assets.xcassets */,
				E6ED104125B99D8800C27ADA /* PomoStartButton.swift */,
				E61B84A625BB1B49001E7544 /* PomoStopButton.swift */,
				E61B84AA25BB3353001E7544 /* TimeLabel.swift */,
			);
			path = View;
			sourceTree = "<group>";
		};
		E62043FD25B709EB00F5D39D /* Controller */ = {
			isa = PBXGroup;
			children = (
				E62043E925B7087C00F5D39D /* PomoViewController.swift */,
				E6ED232225BEF8070063A96E /* TimePickerController.swift */,
				E65EF05125F3CA3900325AC2 /* SettingsController.swift */,
				E65EF05525F3E4F700325AC2 /* TimeSelectViewController.swift */,
			);
			path = Controller;
			sourceTree = "<group>";
		};
		E620440625B719A700F5D39D /* Support */ = {
			isa = PBXGroup;
			children = (
				E620440725B71A1700F5D39D /* UIColor+Ext.swift */,
				E62D546B25C54DBD00865212 /* Int+Ext.swift */,
				E65EF05925F4E42F00325AC2 /* Constants.swift */,
			);
			path = Support;
			sourceTree = "<group>";
		};
		E6A4270826259B2E0044C7C4 /* MinipomoUnitTests */ = {
			isa = PBXGroup;
			children = (
				E6A4270926259B2E0044C7C4 /* MinipomoUnitTests.swift */,
				E6A4270B26259B2E0044C7C4 /* Info.plist */,
			);
			path = MinipomoUnitTests;
			sourceTree = "<group>";
		};
/* End PBXGroup section */

/* Begin PBXNativeTarget section */
		E62043E125B7087C00F5D39D /* Minipomo */ = {
			isa = PBXNativeTarget;
			buildConfigurationList = E62043F625B7088300F5D39D /* Build configuration list for PBXNativeTarget "Minipomo" */;
			buildPhases = (
				F58A44F3CA13EB09AFE92941 /* [CP] Check Pods Manifest.lock */,
				E62043DE25B7087C00F5D39D /* Sources */,
				E62043DF25B7087C00F5D39D /* Frameworks */,
				E62043E025B7087C00F5D39D /* Resources */,
				E6571AF125EFBA2800D16E68 /* ShellScript */,
			);
			buildRules = (
			);
			dependencies = (
			);
			name = Minipomo;
			productName = Minipomo;
			productReference = E62043E225B7087C00F5D39D /* Minipomo.app */;
			productType = "com.apple.product-type.application";
		};
		E6A4270626259B2E0044C7C4 /* MinipomoUnitTests */ = {
			isa = PBXNativeTarget;
			buildConfigurationList = E6A4270E26259B2E0044C7C4 /* Build configuration list for PBXNativeTarget "MinipomoUnitTests" */;
			buildPhases = (
				1148823613F76D3080F7264B /* [CP] Check Pods Manifest.lock */,
				E6A4270326259B2E0044C7C4 /* Sources */,
				E6A4270426259B2E0044C7C4 /* Frameworks */,
				E6A4270526259B2E0044C7C4 /* Resources */,
			);
			buildRules = (
			);
			dependencies = (
				E6A4270D26259B2E0044C7C4 /* PBXTargetDependency */,
			);
			name = MinipomoUnitTests;
			productName = MinipomoUnitTests;
			productReference = E6A4270726259B2E0044C7C4 /* MinipomoUnitTests.xctest */;
			productType = "com.apple.product-type.bundle.unit-test";
		};
/* End PBXNativeTarget section */

/* Begin PBXProject section */
		E62043DA25B7087C00F5D39D /* Project object */ = {
			isa = PBXProject;
			attributes = {
				LastSwiftUpdateCheck = 1240;
				LastUpgradeCheck = 1230;
				TargetAttributes = {
					E62043E125B7087C00F5D39D = {
						CreatedOnToolsVersion = 12.3;
					};
					E6A4270626259B2E0044C7C4 = {
						CreatedOnToolsVersion = 12.4;
						TestTargetID = E62043E125B7087C00F5D39D;
					};
				};
			};
			buildConfigurationList = E62043DD25B7087C00F5D39D /* Build configuration list for PBXProject "Minipomo" */;
			compatibilityVersion = "Xcode 9.3";
			developmentRegion = en;
			hasScannedForEncodings = 0;
			knownRegions = (
				en,
				Base,
			);
			mainGroup = E62043D925B7087C00F5D39D;
			productRefGroup = E62043E325B7087C00F5D39D /* Products */;
			projectDirPath = "";
			projectRoot = "";
			targets = (
				E62043E125B7087C00F5D39D /* Minipomo */,
				E6A4270626259B2E0044C7C4 /* MinipomoUnitTests */,
			);
		};
/* End PBXProject section */

/* Begin PBXResourcesBuildPhase section */
		E62043E025B7087C00F5D39D /* Resources */ = {
			isa = PBXResourcesBuildPhase;
			buildActionMask = 2147483647;
			files = (
				E62043F225B7088300F5D39D /* LaunchScreen.storyboard in Resources */,
				E62043EF25B7088300F5D39D /* Assets.xcassets in Resources */,
				E62043ED25B7087C00F5D39D /* Main.storyboard in Resources */,
			);
			runOnlyForDeploymentPostprocessing = 0;
		};
		E6A4270526259B2E0044C7C4 /* Resources */ = {
			isa = PBXResourcesBuildPhase;
			buildActionMask = 2147483647;
			files = (
			);
			runOnlyForDeploymentPostprocessing = 0;
		};
/* End PBXResourcesBuildPhase section */

/* Begin PBXShellScriptBuildPhase section */
		1148823613F76D3080F7264B /* [CP] Check Pods Manifest.lock */ = {
			isa = PBXShellScriptBuildPhase;
			buildActionMask = 2147483647;
			files = (
			);
			inputFileListPaths = (
			);
			inputPaths = (
				"${PODS_PODFILE_DIR_PATH}/Podfile.lock",
				"${PODS_ROOT}/Manifest.lock",
			);
			name = "[CP] Check Pods Manifest.lock";
			outputFileListPaths = (
			);
			outputPaths = (
				"$(DERIVED_FILE_DIR)/Pods-MinipomoUnitTests-checkManifestLockResult.txt",
			);
			runOnlyForDeploymentPostprocessing = 0;
			shellPath = /bin/sh;
			shellScript = "diff \"${PODS_PODFILE_DIR_PATH}/Podfile.lock\" \"${PODS_ROOT}/Manifest.lock\" > /dev/null\nif [ $? != 0 ] ; then\n    # print error to STDERR\n    echo \"error: The sandbox is not in sync with the Podfile.lock. Run 'pod install' or update your CocoaPods installation.\" >&2\n    exit 1\nfi\n# This output is used by Xcode 'outputs' to avoid re-running this script phase.\necho \"SUCCESS\" > \"${SCRIPT_OUTPUT_FILE_0}\"\n";
			showEnvVarsInLog = 0;
		};
		E6571AF125EFBA2800D16E68 /* ShellScript */ = {
			isa = PBXShellScriptBuildPhase;
			buildActionMask = 2147483647;
			files = (
			);
			inputFileListPaths = (
			);
			inputPaths = (
			);
			outputFileListPaths = (
			);
			outputPaths = (
			);
			runOnlyForDeploymentPostprocessing = 0;
			shellPath = /bin/sh;
			shellScript = "\"${PODS_ROOT}/SwiftLint/swiftlint\"\n";
		};
		F58A44F3CA13EB09AFE92941 /* [CP] Check Pods Manifest.lock */ = {
			isa = PBXShellScriptBuildPhase;
			buildActionMask = 2147483647;
			files = (
			);
			inputFileListPaths = (
			);
			inputPaths = (
				"${PODS_PODFILE_DIR_PATH}/Podfile.lock",
				"${PODS_ROOT}/Manifest.lock",
			);
			name = "[CP] Check Pods Manifest.lock";
			outputFileListPaths = (
			);
			outputPaths = (
				"$(DERIVED_FILE_DIR)/Pods-Minipomo-checkManifestLockResult.txt",
			);
			runOnlyForDeploymentPostprocessing = 0;
			shellPath = /bin/sh;
			shellScript = "diff \"${PODS_PODFILE_DIR_PATH}/Podfile.lock\" \"${PODS_ROOT}/Manifest.lock\" > /dev/null\nif [ $? != 0 ] ; then\n    # print error to STDERR\n    echo \"error: The sandbox is not in sync with the Podfile.lock. Run 'pod install' or update your CocoaPods installation.\" >&2\n    exit 1\nfi\n# This output is used by Xcode 'outputs' to avoid re-running this script phase.\necho \"SUCCESS\" > \"${SCRIPT_OUTPUT_FILE_0}\"\n";
			showEnvVarsInLog = 0;
		};
/* End PBXShellScriptBuildPhase section */

/* Begin PBXSourcesBuildPhase section */
		E62043DE25B7087C00F5D39D /* Sources */ = {
			isa = PBXSourcesBuildPhase;
			buildActionMask = 2147483647;
			files = (
				E65EF05225F3CA3900325AC2 /* SettingsController.swift in Sources */,
				E62043EA25B7087C00F5D39D /* PomoViewController.swift in Sources */,
				E62043E625B7087C00F5D39D /* AppDelegate.swift in Sources */,
				E6ED232325BEF8070063A96E /* TimePickerController.swift in Sources */,
				E65EF05625F3E4F700325AC2 /* TimeSelectViewController.swift in Sources */,
				E620440825B71A1700F5D39D /* UIColor+Ext.swift in Sources */,
				E62043E825B7087C00F5D39D /* SceneDelegate.swift in Sources */,
				E61B84A725BB1B49001E7544 /* PomoStopButton.swift in Sources */,
				E6ED104225B99D8800C27ADA /* PomoStartButton.swift in Sources */,
				E620440C25B816D700F5D39D /* CountdownTimer.swift in Sources */,
				E61B84AB25BB3353001E7544 /* TimeLabel.swift in Sources */,
				E65EF05A25F4E42F00325AC2 /* Constants.swift in Sources */,
				E620440125B7124A00F5D39D /* PomoAnimationView.swift in Sources */,
				E62D546C25C54DBD00865212 /* Int+Ext.swift in Sources */,
			);
			runOnlyForDeploymentPostprocessing = 0;
		};
		E6A4270326259B2E0044C7C4 /* Sources */ = {
			isa = PBXSourcesBuildPhase;
			buildActionMask = 2147483647;
			files = (
				E6A4270A26259B2E0044C7C4 /* MinipomoUnitTests.swift in Sources */,
			);
			runOnlyForDeploymentPostprocessing = 0;
		};
/* End PBXSourcesBuildPhase section */

/* Begin PBXTargetDependency section */
		E6A4270D26259B2E0044C7C4 /* PBXTargetDependency */ = {
			isa = PBXTargetDependency;
			target = E62043E125B7087C00F5D39D /* Minipomo */;
			targetProxy = E6A4270C26259B2E0044C7C4 /* PBXContainerItemProxy */;
		};
/* End PBXTargetDependency section */

/* Begin PBXVariantGroup section */
		E62043EB25B7087C00F5D39D /* Main.storyboard */ = {
			isa = PBXVariantGroup;
			children = (
				E62043EC25B7087C00F5D39D /* Base */,
			);
			name = Main.storyboard;
			sourceTree = "<group>";
		};
		E62043F025B7088300F5D39D /* LaunchScreen.storyboard */ = {
			isa = PBXVariantGroup;
			children = (
				E62043F125B7088300F5D39D /* Base */,
			);
			name = LaunchScreen.storyboard;
			sourceTree = "<group>";
		};
/* End PBXVariantGroup section */

/* Begin XCBuildConfiguration section */
		E62043F425B7088300F5D39D /* Debug */ = {
			isa = XCBuildConfiguration;
			buildSettings = {
				ALWAYS_SEARCH_USER_PATHS = NO;
				CLANG_ANALYZER_NONNULL = YES;
				CLANG_ANALYZER_NUMBER_OBJECT_CONVERSION = YES_AGGRESSIVE;
				CLANG_CXX_LANGUAGE_STANDARD = "gnu++14";
				CLANG_CXX_LIBRARY = "libc++";
				CLANG_ENABLE_MODULES = YES;
				CLANG_ENABLE_OBJC_ARC = YES;
				CLANG_ENABLE_OBJC_WEAK = YES;
				CLANG_WARN_BLOCK_CAPTURE_AUTORELEASING = YES;
				CLANG_WARN_BOOL_CONVERSION = YES;
				CLANG_WARN_COMMA = YES;
				CLANG_WARN_CONSTANT_CONVERSION = YES;
				CLANG_WARN_DEPRECATED_OBJC_IMPLEMENTATIONS = YES;
				CLANG_WARN_DIRECT_OBJC_ISA_USAGE = YES_ERROR;
				CLANG_WARN_DOCUMENTATION_COMMENTS = YES;
				CLANG_WARN_EMPTY_BODY = YES;
				CLANG_WARN_ENUM_CONVERSION = YES;
				CLANG_WARN_INFINITE_RECURSION = YES;
				CLANG_WARN_INT_CONVERSION = YES;
				CLANG_WARN_NON_LITERAL_NULL_CONVERSION = YES;
				CLANG_WARN_OBJC_IMPLICIT_RETAIN_SELF = YES;
				CLANG_WARN_OBJC_LITERAL_CONVERSION = YES;
				CLANG_WARN_OBJC_ROOT_CLASS = YES_ERROR;
				CLANG_WARN_QUOTED_INCLUDE_IN_FRAMEWORK_HEADER = YES;
				CLANG_WARN_RANGE_LOOP_ANALYSIS = YES;
				CLANG_WARN_STRICT_PROTOTYPES = YES;
				CLANG_WARN_SUSPICIOUS_MOVE = YES;
				CLANG_WARN_UNGUARDED_AVAILABILITY = YES_AGGRESSIVE;
				CLANG_WARN_UNREACHABLE_CODE = YES;
				CLANG_WARN__DUPLICATE_METHOD_MATCH = YES;
				COPY_PHASE_STRIP = NO;
				DEBUG_INFORMATION_FORMAT = dwarf;
				ENABLE_STRICT_OBJC_MSGSEND = YES;
				ENABLE_TESTABILITY = YES;
				GCC_C_LANGUAGE_STANDARD = gnu11;
				GCC_DYNAMIC_NO_PIC = NO;
				GCC_NO_COMMON_BLOCKS = YES;
				GCC_OPTIMIZATION_LEVEL = 0;
				GCC_PREPROCESSOR_DEFINITIONS = (
					"DEBUG=1",
					"$(inherited)",
				);
				GCC_WARN_64_TO_32_BIT_CONVERSION = YES;
				GCC_WARN_ABOUT_RETURN_TYPE = YES_ERROR;
				GCC_WARN_UNDECLARED_SELECTOR = YES;
				GCC_WARN_UNINITIALIZED_AUTOS = YES_AGGRESSIVE;
				GCC_WARN_UNUSED_FUNCTION = YES;
				GCC_WARN_UNUSED_VARIABLE = YES;
				IPHONEOS_DEPLOYMENT_TARGET = 14.3;
				MTL_ENABLE_DEBUG_INFO = INCLUDE_SOURCE;
				MTL_FAST_MATH = YES;
				ONLY_ACTIVE_ARCH = YES;
				OTHER_SWIFT_FLAGS = "-Xfrontend -warn-long-expression-type-checking=100";
				SDKROOT = iphoneos;
				SWIFT_ACTIVE_COMPILATION_CONDITIONS = DEBUG;
				SWIFT_OPTIMIZATION_LEVEL = "-Onone";
			};
			name = Debug;
		};
		E62043F525B7088300F5D39D /* Release */ = {
			isa = XCBuildConfiguration;
			buildSettings = {
				ALWAYS_SEARCH_USER_PATHS = NO;
				CLANG_ANALYZER_NONNULL = YES;
				CLANG_ANALYZER_NUMBER_OBJECT_CONVERSION = YES_AGGRESSIVE;
				CLANG_CXX_LANGUAGE_STANDARD = "gnu++14";
				CLANG_CXX_LIBRARY = "libc++";
				CLANG_ENABLE_MODULES = YES;
				CLANG_ENABLE_OBJC_ARC = YES;
				CLANG_ENABLE_OBJC_WEAK = YES;
				CLANG_WARN_BLOCK_CAPTURE_AUTORELEASING = YES;
				CLANG_WARN_BOOL_CONVERSION = YES;
				CLANG_WARN_COMMA = YES;
				CLANG_WARN_CONSTANT_CONVERSION = YES;
				CLANG_WARN_DEPRECATED_OBJC_IMPLEMENTATIONS = YES;
				CLANG_WARN_DIRECT_OBJC_ISA_USAGE = YES_ERROR;
				CLANG_WARN_DOCUMENTATION_COMMENTS = YES;
				CLANG_WARN_EMPTY_BODY = YES;
				CLANG_WARN_ENUM_CONVERSION = YES;
				CLANG_WARN_INFINITE_RECURSION = YES;
				CLANG_WARN_INT_CONVERSION = YES;
				CLANG_WARN_NON_LITERAL_NULL_CONVERSION = YES;
				CLANG_WARN_OBJC_IMPLICIT_RETAIN_SELF = YES;
				CLANG_WARN_OBJC_LITERAL_CONVERSION = YES;
				CLANG_WARN_OBJC_ROOT_CLASS = YES_ERROR;
				CLANG_WARN_QUOTED_INCLUDE_IN_FRAMEWORK_HEADER = YES;
				CLANG_WARN_RANGE_LOOP_ANALYSIS = YES;
				CLANG_WARN_STRICT_PROTOTYPES = YES;
				CLANG_WARN_SUSPICIOUS_MOVE = YES;
				CLANG_WARN_UNGUARDED_AVAILABILITY = YES_AGGRESSIVE;
				CLANG_WARN_UNREACHABLE_CODE = YES;
				CLANG_WARN__DUPLICATE_METHOD_MATCH = YES;
				COPY_PHASE_STRIP = NO;
				DEBUG_INFORMATION_FORMAT = "dwarf-with-dsym";
				ENABLE_NS_ASSERTIONS = NO;
				ENABLE_STRICT_OBJC_MSGSEND = YES;
				GCC_C_LANGUAGE_STANDARD = gnu11;
				GCC_NO_COMMON_BLOCKS = YES;
				GCC_WARN_64_TO_32_BIT_CONVERSION = YES;
				GCC_WARN_ABOUT_RETURN_TYPE = YES_ERROR;
				GCC_WARN_UNDECLARED_SELECTOR = YES;
				GCC_WARN_UNINITIALIZED_AUTOS = YES_AGGRESSIVE;
				GCC_WARN_UNUSED_FUNCTION = YES;
				GCC_WARN_UNUSED_VARIABLE = YES;
				IPHONEOS_DEPLOYMENT_TARGET = 14.3;
				MTL_ENABLE_DEBUG_INFO = NO;
				MTL_FAST_MATH = YES;
				SDKROOT = iphoneos;
				SWIFT_COMPILATION_MODE = wholemodule;
				SWIFT_OPTIMIZATION_LEVEL = "-O";
				VALIDATE_PRODUCT = YES;
			};
			name = Release;
		};
		E62043F725B7088300F5D39D /* Debug */ = {
			isa = XCBuildConfiguration;
			baseConfigurationReference = 46866D602BA13E7476911CB9 /* Pods-Minipomo.debug.xcconfig */;
			buildSettings = {
				ASSETCATALOG_COMPILER_APPICON_NAME = AppIcon;
				ASSETCATALOG_COMPILER_GLOBAL_ACCENT_COLOR_NAME = AccentColor;
				CODE_SIGN_STYLE = Automatic;
				DEVELOPMENT_TEAM = 98NLZHSYYL;
				INFOPLIST_FILE = Minipomo/Info.plist;
				IPHONEOS_DEPLOYMENT_TARGET = 14.0;
				LD_RUNPATH_SEARCH_PATHS = (
					"$(inherited)",
					"@executable_path/Frameworks",
				);
				PRODUCT_BUNDLE_IDENTIFIER = ecynmare.Minipomo;
				PRODUCT_NAME = "$(TARGET_NAME)";
				SWIFT_VERSION = 5.0;
				TARGETED_DEVICE_FAMILY = 1;
			};
			name = Debug;
		};
		E62043F825B7088300F5D39D /* Release */ = {
			isa = XCBuildConfiguration;
			baseConfigurationReference = 883ECCD692BF77D72BC6C94B /* Pods-Minipomo.release.xcconfig */;
			buildSettings = {
				ASSETCATALOG_COMPILER_APPICON_NAME = AppIcon;
				ASSETCATALOG_COMPILER_GLOBAL_ACCENT_COLOR_NAME = AccentColor;
				CODE_SIGN_STYLE = Automatic;
				DEVELOPMENT_TEAM = 98NLZHSYYL;
				INFOPLIST_FILE = Minipomo/Info.plist;
				IPHONEOS_DEPLOYMENT_TARGET = 14.0;
				LD_RUNPATH_SEARCH_PATHS = (
					"$(inherited)",
					"@executable_path/Frameworks",
				);
				PRODUCT_BUNDLE_IDENTIFIER = ecynmare.Minipomo;
				PRODUCT_NAME = "$(TARGET_NAME)";
				SWIFT_VERSION = 5.0;
				TARGETED_DEVICE_FAMILY = 1;
			};
			name = Release;
		};
		E6A4270F26259B2E0044C7C4 /* Debug */ = {
			isa = XCBuildConfiguration;
			baseConfigurationReference = ED24E147FFACEEF4D7C39FE5 /* Pods-MinipomoUnitTests.debug.xcconfig */;
			buildSettings = {
				BUNDLE_LOADER = "$(TEST_HOST)";
				CODE_SIGN_STYLE = Automatic;
				DEVELOPMENT_TEAM = 98NLZHSYYL;
				INFOPLIST_FILE = MinipomoUnitTests/Info.plist;
				IPHONEOS_DEPLOYMENT_TARGET = 14.4;
				LD_RUNPATH_SEARCH_PATHS = (
					"$(inherited)",
					"@executable_path/Frameworks",
					"@loader_path/Frameworks",
				);
				PRODUCT_BUNDLE_IDENTIFIER = ecynmare.MinipomoUnitTests;
				PRODUCT_NAME = "$(TARGET_NAME)";
				SWIFT_VERSION = 5.0;
				TARGETED_DEVICE_FAMILY = "1,2";
				TEST_HOST = "$(BUILT_PRODUCTS_DIR)/Minipomo.app/Minipomo";
			};
			name = Debug;
		};
		E6A4271026259B2E0044C7C4 /* Release */ = {
			isa = XCBuildConfiguration;
			baseConfigurationReference = 269127E0642A28193C45516C /* Pods-MinipomoUnitTests.release.xcconfig */;
			buildSettings = {
				BUNDLE_LOADER = "$(TEST_HOST)";
				CODE_SIGN_STYLE = Automatic;
				DEVELOPMENT_TEAM = 98NLZHSYYL;
				INFOPLIST_FILE = MinipomoUnitTests/Info.plist;
				IPHONEOS_DEPLOYMENT_TARGET = 14.4;
				LD_RUNPATH_SEARCH_PATHS = (
					"$(inherited)",
					"@executable_path/Frameworks",
					"@loader_path/Frameworks",
				);
				PRODUCT_BUNDLE_IDENTIFIER = ecynmare.MinipomoUnitTests;
				PRODUCT_NAME = "$(TARGET_NAME)";
				SWIFT_VERSION = 5.0;
				TARGETED_DEVICE_FAMILY = "1,2";
				TEST_HOST = "$(BUILT_PRODUCTS_DIR)/Minipomo.app/Minipomo";
			};
			name = Release;
		};
/* End XCBuildConfiguration section */

/* Begin XCConfigurationList section */
		E62043DD25B7087C00F5D39D /* Build configuration list for PBXProject "Minipomo" */ = {
			isa = XCConfigurationList;
			buildConfigurations = (
				E62043F425B7088300F5D39D /* Debug */,
				E62043F525B7088300F5D39D /* Release */,
			);
			defaultConfigurationIsVisible = 0;
			defaultConfigurationName = Release;
		};
		E62043F625B7088300F5D39D /* Build configuration list for PBXNativeTarget "Minipomo" */ = {
			isa = XCConfigurationList;
			buildConfigurations = (
				E62043F725B7088300F5D39D /* Debug */,
				E62043F825B7088300F5D39D /* Release */,
			);
			defaultConfigurationIsVisible = 0;
			defaultConfigurationName = Release;
		};
		E6A4270E26259B2E0044C7C4 /* Build configuration list for PBXNativeTarget "MinipomoUnitTests" */ = {
			isa = XCConfigurationList;
			buildConfigurations = (
				E6A4270F26259B2E0044C7C4 /* Debug */,
				E6A4271026259B2E0044C7C4 /* Release */,
			);
			defaultConfigurationIsVisible = 0;
			defaultConfigurationName = Release;
		};
/* End XCConfigurationList section */
	};
	rootObject = E62043DA25B7087C00F5D39D /* Project object */;
}
